
Microsoft Visual Studio Solution File, Format Version 12.00
# Visual Studio Version 17
VisualStudioVersion = 17.9.34723.18
MinimumVisualStudioVersion = 10.0.40219.1
Project("{9A19103F-16F7-4668-BE54-9A1E7A4F7556}") = "NameSorter.Consoleapp", "NameSorter.Consoleapp\NameSorter.Consoleapp.csproj", "{5A82B84A-87CC-4C1F-AB93-ED4EF77BDFCB}"
EndProject
Project("{9A19103F-16F7-4668-BE54-9A1E7A4F7556}") = "NameSorter.Core", "NameSorter.Core\NameSorter.Core.csproj", "{92CAE635-3490-4662-A4C7-B6A74ABD4496}"
EndProject
Project("{9A19103F-16F7-4668-BE54-9A1E7A4F7556}") = "NameSorter.Tests", "NameSorter.Tests\NameSorter.Tests.csproj", "{7F5D687B-94F9-4B31-A9A8-BA6C01D3E995}"
EndProject
Global
	GlobalSection(SolutionConfigurationPlatforms) = preSolution
		Debug|Any CPU = Debug|Any CPU
		Release|Any CPU = Release|Any CPU
	EndGlobalSection
	GlobalSection(ProjectConfigurationPlatforms) = postSolution
		{5A82B84A-87CC-4C1F-AB93-ED4EF77BDFCB}.Debug|Any CPU.ActiveCfg = Debug|Any CPU
		{5A82B84A-87CC-4C1F-AB93-ED4EF77BDFCB}.Debug|Any CPU.Build.0 = Debug|Any CPU
		{5A82B84A-87CC-4C1F-AB93-ED4EF77BDFCB}.Release|Any CPU.ActiveCfg = Release|Any CPU
		{5A82B84A-87CC-4C1F-AB93-ED4EF77BDFCB}.Release|Any CPU.Build.0 = Release|Any CPU
		{92CAE635-3490-4662-A4C7-B6A74ABD4496}.Debug|Any CPU.ActiveCfg = Debug|Any CPU
		{92CAE635-3490-4662-A4C7-B6A74ABD4496}.Debug|Any CPU.Build.0 = Debug|Any CPU
		{92CAE635-3490-4662-A4C7-B6A74ABD4496}.Release|Any CPU.ActiveCfg = Release|Any CPU
		{92CAE635-3490-4662-A4C7-B6A74ABD4496}.Release|Any CPU.Build.0 = Release|Any CPU
		{7F5D687B-94F9-4B31-A9A8-BA6C01D3E995}.Debug|Any CPU.ActiveCfg = Debug|Any CPU
		{7F5D687B-94F9-4B31-A9A8-BA6C01D3E995}.Debug|Any CPU.Build.0 = Debug|Any CPU
		{7F5D687B-94F9-4B31-A9A8-BA6C01D3E995}.Release|Any CPU.ActiveCfg = Release|Any CPU
		{7F5D687B-94F9-4B31-A9A8-BA6C01D3E995}.Release|Any CPU.Build.0 = Release|Any CPU
	EndGlobalSection
	GlobalSection(SolutionProperties) = preSolution
		HideSolutionNode = FALSE
	EndGlobalSection
	GlobalSection(ExtensibilityGlobals) = postSolution
		SolutionGuid = {C8CFBC44-D608-458E-813B-3E7B749ADF9C}
	EndGlobalSection
EndGlobal
